
Microsoft Visual Studio Solution File, Format Version 12.00
# Visual Studio Version 16
VisualStudioVersion = 16.0.30002.166
MinimumVisualStudioVersion = 10.0.40219.1
Project("{FAE04EC0-301F-11D3-BF4B-00C04F79EFBC}") = "StormKitty", "Neko\StormKitty.csproj", "{A16ABBB4-985B-4DB2-A80C-21268B26C73D}"
EndProject
Global
	GlobalSection(SolutionConfigurationPlatforms) = preSolution
		Debug|Any CPU = Debug|Any CPU
		Release|Any CPU = Release|Any CPU
	EndGlobalSection
	GlobalSection(ProjectConfigurationPlatforms) = postSolution
		{A16ABBB4-985B-4DB2-A80C-21268B26C73D}.Debug|Any CPU.ActiveCfg = Debug|Any CPU
		{A16ABBB4-985B-4DB2-A80C-21268B26C73D}.Debug|Any CPU.Build.0 = Debug|Any CPU
		{A16ABBB4-985B-4DB2-A80C-21268B26C73D}.Release|Any CPU.ActiveCfg = Release|Any CPU
		{A16ABBB4-985B-4DB2-A80C-21268B26C73D}.Release|Any CPU.Build.0 = Release|Any CPU
	EndGlobalSection
	GlobalSection(SolutionProperties) = preSolution
		HideSolutionNode = FALSE
	EndGlobalSection
	GlobalSection(ExtensibilityGlobals) = postSolution
		SolutionGuid = {78E2AEB4-FED3-41CA-A99E-F39C584F9335}
	EndGlobalSection
EndGlobal
